// !$*UTF8*$!
{
	archiveVersion = 1;
	classes = {
	};
	objectVersion = 50;
	objects = {

/* Begin PBXBuildFile section */
		47690170243876B30020748A /* AboutControllerViewController.swift in Sources */ = {isa = PBXBuildFile; fileRef = 4769016F243876B30020748A /* AboutControllerViewController.swift */; };
		476901722439801D0020748A /* HighController.swift in Sources */ = {isa = PBXBuildFile; fileRef = 476901712439801D0020748A /* HighController.swift */; };
		476901742439E6A90020748A /* AboutController.swift in Sources */ = {isa = PBXBuildFile; fileRef = 476901732439E6A90020748A /* AboutController.swift */; };
		47B2223F24355F4900E0C2D4 /* AppDelegate.swift in Sources */ = {isa = PBXBuildFile; fileRef = 47B2223E24355F4900E0C2D4 /* AppDelegate.swift */; };
		47B2224124355F4900E0C2D4 /* SceneDelegate.swift in Sources */ = {isa = PBXBuildFile; fileRef = 47B2224024355F4900E0C2D4 /* SceneDelegate.swift */; };
		47B2224324355F4900E0C2D4 /* ViewController.swift in Sources */ = {isa = PBXBuildFile; fileRef = 47B2224224355F4900E0C2D4 /* ViewController.swift */; };
		47B2224624355F4900E0C2D4 /* Main.storyboard in Resources */ = {isa = PBXBuildFile; fileRef = 47B2224424355F4900E0C2D4 /* Main.storyboard */; };
		47B2224824355F5000E0C2D4 /* Assets.xcassets in Resources */ = {isa = PBXBuildFile; fileRef = 47B2224724355F5000E0C2D4 /* Assets.xcassets */; };
		47B2224B24355F5000E0C2D4 /* LaunchScreen.storyboard in Resources */ = {isa = PBXBuildFile; fileRef = 47B2224924355F5000E0C2D4 /* LaunchScreen.storyboard */; };
		47B222532435610700E0C2D4 /* model.swift in Sources */ = {isa = PBXBuildFile; fileRef = 47B222522435610700E0C2D4 /* model.swift */; };
		47B222552438507100E0C2D4 /* BoardView.swift in Sources */ = {isa = PBXBuildFile; fileRef = 47B222542438507100E0C2D4 /* BoardView.swift */; };
/* End PBXBuildFile section */

/* Begin PBXFileReference section */
		4769016F243876B30020748A /* AboutControllerViewController.swift */ = {isa = PBXFileReference; lastKnownFileType = sourcecode.swift; path = AboutControllerViewController.swift; sourceTree = "<group>"; };
		476901712439801D0020748A /* HighController.swift */ = {isa = PBXFileReference; lastKnownFileType = sourcecode.swift; path = HighController.swift; sourceTree = "<group>"; };
		476901732439E6A90020748A /* AboutController.swift */ = {isa = PBXFileReference; lastKnownFileType = sourcecode.swift; path = AboutController.swift; sourceTree = "<group>"; };
		47B2223B24355F4900E0C2D4 /* Threes Game.app */ = {isa = PBXFileReference; explicitFileType = wrapper.application; includeInIndex = 0; path = "Threes Game.app"; sourceTree = BUILT_PRODUCTS_DIR; };
		47B2223E24355F4900E0C2D4 /* AppDelegate.swift */ = {isa = PBXFileReference; lastKnownFileType = sourcecode.swift; path = AppDelegate.swift; sourceTree = "<group>"; };
		47B2224024355F4900E0C2D4 /* SceneDelegate.swift */ = {isa = PBXFileReference; lastKnownFileType = sourcecode.swift; path = SceneDelegate.swift; sourceTree = "<group>"; };
		47B2224224355F4900E0C2D4 /* ViewController.swift */ = {isa = PBXFileReference; lastKnownFileType = sourcecode.swift; path = ViewController.swift; sourceTree = "<group>"; };
		47B2224524355F4900E0C2D4 /* Base */ = {isa = PBXFileReference; lastKnownFileType = file.storyboard; name = Base; path = Base.lproj/Main.storyboard; sourceTree = "<group>"; };
		47B2224724355F5000E0C2D4 /* Assets.xcassets */ = {isa = PBXFileReference; lastKnownFileType = folder.assetcatalog; path = Assets.xcassets; sourceTree = "<group>"; };
		47B2224A24355F5000E0C2D4 /* Base */ = {isa = PBXFileReference; lastKnownFileType = file.storyboard; name = Base; path = Base.lproj/LaunchScreen.storyboard; sourceTree = "<group>"; };
		47B2224C24355F5000E0C2D4 /* Info.plist */ = {isa = PBXFileReference; lastKnownFileType = text.plist.xml; path = Info.plist; sourceTree = "<group>"; };
		47B222522435610700E0C2D4 /* model.swift */ = {isa = PBXFileReference; lastKnownFileType = sourcecode.swift; path = model.swift; sourceTree = "<group>"; };
		47B222542438507100E0C2D4 /* BoardView.swift */ = {isa = PBXFileReference; lastKnownFileType = sourcecode.swift; path = BoardView.swift; sourceTree = "<group>"; };
/* End PBXFileReference section */

/* Begin PBXFrameworksBuildPhase section */
		47B2223824355F4900E0C2D4 /* Frameworks */ = {
			isa = PBXFrameworksBuildPhase;
			buildActionMask = 2147483647;
			files = (
			);
			runOnlyForDeploymentPostprocessing = 0;
		};
/* End PBXFrameworksBuildPhase section */

/* Begin PBXGroup section */
		47B2223224355F4900E0C2D4 = {
			isa = PBXGroup;
			children = (
				47B2223D24355F4900E0C2D4 /* Threes Game */,
				47B2223C24355F4900E0C2D4 /* Products */,
			);
			sourceTree = "<group>";
		};
		47B2223C24355F4900E0C2D4 /* Products */ = {
			isa = PBXGroup;
			children = (
				47B2223B24355F4900E0C2D4 /* Threes Game.app */,
			);
			name = Products;
			sourceTree = "<group>";
		};
		47B2223D24355F4900E0C2D4 /* Threes Game */ = {
			isa = PBXGroup;
			children = (
				47B222522435610700E0C2D4 /* model.swift */,
				47B2223E24355F4900E0C2D4 /* AppDelegate.swift */,
				47B2224024355F4900E0C2D4 /* SceneDelegate.swift */,
				47B2224224355F4900E0C2D4 /* ViewController.swift */,
				47B222542438507100E0C2D4 /* BoardView.swift */,
				476901712439801D0020748A /* HighController.swift */,
				47B2224424355F4900E0C2D4 /* Main.storyboard */,
				4769016F243876B30020748A /* AboutControllerViewController.swift */,
				476901732439E6A90020748A /* AboutController.swift */,
				47B2224724355F5000E0C2D4 /* Assets.xcassets */,
				47B2224924355F5000E0C2D4 /* LaunchScreen.storyboard */,
				47B2224C24355F5000E0C2D4 /* Info.plist */,
			);
			path = "Threes Game";
			sourceTree = "<group>";
		};
/* End PBXGroup section */

/* Begin PBXNativeTarget section */
		47B2223A24355F4900E0C2D4 /* Threes Game */ = {
			isa = PBXNativeTarget;
			buildConfigurationList = 47B2224F24355F5000E0C2D4 /* Build configuration list for PBXNativeTarget "Threes Game" */;
			buildPhases = (
				47B2223724355F4900E0C2D4 /* Sources */,
				47B2223824355F4900E0C2D4 /* Frameworks */,
				47B2223924355F4900E0C2D4 /* Resources */,
			);
			buildRules = (
			);
			dependencies = (
			);
			name = "Threes Game";
			productName = assign3;
			productReference = 47B2223B24355F4900E0C2D4 /* Threes Game.app */;
			productType = "com.apple.product-type.application";
		};
/* End PBXNativeTarget section */

/* Begin PBXProject section */
		47B2223324355F4900E0C2D4 /* Project object */ = {
			isa = PBXProject;
			attributes = {
				LastSwiftUpdateCheck = 1130;
				LastUpgradeCheck = 1130;
				ORGANIZATIONNAME = "Hassan Tariq";
				TargetAttributes = {
					47B2223A24355F4900E0C2D4 = {
						CreatedOnToolsVersion = 11.3.1;
					};
				};
			};
			buildConfigurationList = 47B2223624355F4900E0C2D4 /* Build configuration list for PBXProject "Threes Game" */;
			compatibilityVersion = "Xcode 9.3";
			developmentRegion = en;
			hasScannedForEncodings = 0;
			knownRegions = (
				en,
				Base,
			);
			mainGroup = 47B2223224355F4900E0C2D4;
			productRefGroup = 47B2223C24355F4900E0C2D4 /* Products */;
			projectDirPath = "";
			projectRoot = "";
			targets = (
				47B2223A24355F4900E0C2D4 /* Threes Game */,
			);
		};
/* End PBXProject section */

/* Begin PBXResourcesBuildPhase section */
		47B2223924355F4900E0C2D4 /* Resources */ = {
			isa = PBXResourcesBuildPhase;
			buildActionMask = 2147483647;
			files = (
				47B2224B24355F5000E0C2D4 /* LaunchScreen.storyboard in Resources */,
				47B2224824355F5000E0C2D4 /* Assets.xcassets in Resources */,
				47B2224624355F4900E0C2D4 /* Main.storyboard in Resources */,
			);
			runOnlyForDeploymentPostprocessing = 0;
		};
/* End PBXResourcesBuildPhase section */

/* Begin PBXSourcesBuildPhase section */
		47B2223724355F4900E0C2D4 /* Sources */ = {
			isa = PBXSourcesBuildPhase;
			buildActionMask = 2147483647;
			files = (
				47B2224324355F4900E0C2D4 /* ViewController.swift in Sources */,
				47B2223F24355F4900E0C2D4 /* AppDelegate.swift in Sources */,
				476901722439801D0020748A /* HighController.swift in Sources */,
				47690170243876B30020748A /* AboutControllerViewController.swift in Sources */,
				47B222552438507100E0C2D4 /* BoardView.swift in Sources */,
				47B2224124355F4900E0C2D4 /* SceneDelegate.swift in Sources */,
				47B222532435610700E0C2D4 /* model.swift in Sources */,
				476901742439E6A90020748A /* AboutController.swift in Sources */,
			);
			runOnlyForDeploymentPostprocessing = 0;
		};
/* End PBXSourcesBuildPhase section */

/* Begin PBXVariantGroup section */
		47B2224424355F4900E0C2D4 /* Main.storyboard */ = {
			isa = PBXVariantGroup;
			children = (
				47B2224524355F4900E0C2D4 /* Base */,
			);
			name = Main.storyboard;
			sourceTree = "<group>";
		};
		47B2224924355F5000E0C2D4 /* LaunchScreen.storyboard */ = {
			isa = PBXVariantGroup;
			children = (
				47B2224A24355F5000E0C2D4 /* Base */,
			);
			name = LaunchScreen.storyboard;
			sourceTree = "<group>";
		};
/* End PBXVariantGroup section */

/* Begin XCBuildConfiguration section */
		47B2224D24355F5000E0C2D4 /* Debug */ = {
			isa = XCBuildConfiguration;
			buildSettings = {
				ALWAYS_SEARCH_USER_PATHS = NO;
				CLANG_ANALYZER_NONNULL = YES;
				CLANG_ANALYZER_NUMBER_OBJECT_CONVERSION = YES_AGGRESSIVE;
				CLANG_CXX_LANGUAGE_STANDARD = "gnu++14";
				CLANG_CXX_LIBRARY = "libc++";
				CLANG_ENABLE_MODULES = YES;
				CLANG_ENABLE_OBJC_ARC = YES;
				CLANG_ENABLE_OBJC_WEAK = YES;
				CLANG_WARN_BLOCK_CAPTURE_AUTORELEASING = YES;
				CLANG_WARN_BOOL_CONVERSION = YES;
				CLANG_WARN_COMMA = YES;
				CLANG_WARN_CONSTANT_CONVERSION = YES;
				CLANG_WARN_DEPRECATED_OBJC_IMPLEMENTATIONS = YES;
				CLANG_WARN_DIRECT_OBJC_ISA_USAGE = YES_ERROR;
				CLANG_WARN_DOCUMENTATION_COMMENTS = YES;
				CLANG_WARN_EMPTY_BODY = YES;
				CLANG_WARN_ENUM_CONVERSION = YES;
				CLANG_WARN_INFINITE_RECURSION = YES;
				CLANG_WARN_INT_CONVERSION = YES;
				CLANG_WARN_NON_LITERAL_NULL_CONVERSION = YES;
				CLANG_WARN_OBJC_IMPLICIT_RETAIN_SELF = YES;
				CLANG_WARN_OBJC_LITERAL_CONVERSION = YES;
				CLANG_WARN_OBJC_ROOT_CLASS = YES_ERROR;
				CLANG_WARN_RANGE_LOOP_ANALYSIS = YES;
				CLANG_WARN_STRICT_PROTOTYPES = YES;
				CLANG_WARN_SUSPICIOUS_MOVE = YES;
				CLANG_WARN_UNGUARDED_AVAILABILITY = YES_AGGRESSIVE;
				CLANG_WARN_UNREACHABLE_CODE = YES;
				CLANG_WARN__DUPLICATE_METHOD_MATCH = YES;
				COPY_PHASE_STRIP = NO;
				DEBUG_INFORMATION_FORMAT = dwarf;
				ENABLE_STRICT_OBJC_MSGSEND = YES;
				ENABLE_TESTABILITY = YES;
				GCC_C_LANGUAGE_STANDARD = gnu11;
				GCC_DYNAMIC_NO_PIC = NO;
				GCC_NO_COMMON_BLOCKS = YES;
				GCC_OPTIMIZATION_LEVEL = 0;
				GCC_PREPROCESSOR_DEFINITIONS = (
					"DEBUG=1",
					"$(inherited)",
				);
				GCC_WARN_64_TO_32_BIT_CONVERSION = YES;
				GCC_WARN_ABOUT_RETURN_TYPE = YES_ERROR;
				GCC_WARN_UNDECLARED_SELECTOR = YES;
				GCC_WARN_UNINITIALIZED_AUTOS = YES_AGGRESSIVE;
				GCC_WARN_UNUSED_FUNCTION = YES;
				GCC_WARN_UNUSED_VARIABLE = YES;
				IPHONEOS_DEPLOYMENT_TARGET = 13.2;
				MTL_ENABLE_DEBUG_INFO = INCLUDE_SOURCE;
				MTL_FAST_MATH = YES;
				ONLY_ACTIVE_ARCH = YES;
				SDKROOT = iphoneos;
				SWIFT_ACTIVE_COMPILATION_CONDITIONS = DEBUG;
				SWIFT_OPTIMIZATION_LEVEL = "-Onone";
			};
			name = Debug;
		};
		47B2224E24355F5000E0C2D4 /* Release */ = {
			isa = XCBuildConfiguration;
			buildSettings = {
				ALWAYS_SEARCH_USER_PATHS = NO;
				CLANG_ANALYZER_NONNULL = YES;
				CLANG_ANALYZER_NUMBER_OBJECT_CONVERSION = YES_AGGRESSIVE;
				CLANG_CXX_LANGUAGE_STANDARD = "gnu++14";
				CLANG_CXX_LIBRARY = "libc++";
				CLANG_ENABLE_MODULES = YES;
				CLANG_ENABLE_OBJC_ARC = YES;
				CLANG_ENABLE_OBJC_WEAK = YES;
				CLANG_WARN_BLOCK_CAPTURE_AUTORELEASING = YES;
				CLANG_WARN_BOOL_CONVERSION = YES;
				CLANG_WARN_COMMA = YES;
				CLANG_WARN_CONSTANT_CONVERSION = YES;
				CLANG_WARN_DEPRECATED_OBJC_IMPLEMENTATIONS = YES;
				CLANG_WARN_DIRECT_OBJC_ISA_USAGE = YES_ERROR;
				CLANG_WARN_DOCUMENTATION_COMMENTS = YES;
				CLANG_WARN_EMPTY_BODY = YES;
				CLANG_WARN_ENUM_CONVERSION = YES;
				CLANG_WARN_INFINITE_RECURSION = YES;
				CLANG_WARN_INT_CONVERSION = YES;
				CLANG_WARN_NON_LITERAL_NULL_CONVERSION = YES;
				CLANG_WARN_OBJC_IMPLICIT_RETAIN_SELF = YES;
				CLANG_WARN_OBJC_LITERAL_CONVERSION = YES;
				CLANG_WARN_OBJC_ROOT_CLASS = YES_ERROR;
				CLANG_WARN_RANGE_LOOP_ANALYSIS = YES;
				CLANG_WARN_STRICT_PROTOTYPES = YES;
				CLANG_WARN_SUSPICIOUS_MOVE = YES;
				CLANG_WARN_UNGUARDED_AVAILABILITY = YES_AGGRESSIVE;
				CLANG_WARN_UNREACHABLE_CODE = YES;
				CLANG_WARN__DUPLICATE_METHOD_MATCH = YES;
				COPY_PHASE_STRIP = NO;
				DEBUG_INFORMATION_FORMAT = "dwarf-with-dsym";
				ENABLE_NS_ASSERTIONS = NO;
				ENABLE_STRICT_OBJC_MSGSEND = YES;
				GCC_C_LANGUAGE_STANDARD = gnu11;
				GCC_NO_COMMON_BLOCKS = YES;
				GCC_WARN_64_TO_32_BIT_CONVERSION = YES;
				GCC_WARN_ABOUT_RETURN_TYPE = YES_ERROR;
				GCC_WARN_UNDECLARED_SELECTOR = YES;
				GCC_WARN_UNINITIALIZED_AUTOS = YES_AGGRESSIVE;
				GCC_WARN_UNUSED_FUNCTION = YES;
				GCC_WARN_UNUSED_VARIABLE = YES;
				IPHONEOS_DEPLOYMENT_TARGET = 13.2;
				MTL_ENABLE_DEBUG_INFO = NO;
				MTL_FAST_MATH = YES;
				SDKROOT = iphoneos;
				SWIFT_COMPILATION_MODE = wholemodule;
				SWIFT_OPTIMIZATION_LEVEL = "-O";
				VALIDATE_PRODUCT = YES;
			};
			name = Release;
		};
		47B2225024355F5000E0C2D4 /* Debug */ = {
			isa = XCBuildConfiguration;
			buildSettings = {
				ASSETCATALOG_COMPILER_APPICON_NAME = AppIcon;
				CODE_SIGN_STYLE = Automatic;
				DEVELOPMENT_TEAM = 9DRDQB2F83;
				INFOPLIST_FILE = "Threes Game/Info.plist";
				LD_RUNPATH_SEARCH_PATHS = (
					"$(inherited)",
					"@executable_path/Frameworks",
				);
				PRODUCT_BUNDLE_IDENTIFIER = edu.umd.tariq.hassan.ThreesGame;
				PRODUCT_NAME = "$(TARGET_NAME)";
				SWIFT_VERSION = 5.0;
				TARGETED_DEVICE_FAMILY = "1,2";
			};
			name = Debug;
		};
		47B2225124355F5000E0C2D4 /* Release */ = {
			isa = XCBuildConfiguration;
			buildSettings = {
				ASSETCATALOG_COMPILER_APPICON_NAME = AppIcon;
				CODE_SIGN_STYLE = Automatic;
				DEVELOPMENT_TEAM = 9DRDQB2F83;
				INFOPLIST_FILE = "Threes Game/Info.plist";
				LD_RUNPATH_SEARCH_PATHS = (
					"$(inherited)",
					"@executable_path/Frameworks",
				);
				PRODUCT_BUNDLE_IDENTIFIER = edu.umd.tariq.hassan.ThreesGame;
				PRODUCT_NAME = "$(TARGET_NAME)";
				SWIFT_VERSION = 5.0;
				TARGETED_DEVICE_FAMILY = "1,2";
			};
			name = Release;
		};
/* End XCBuildConfiguration section */

/* Begin XCConfigurationList section */
		47B2223624355F4900E0C2D4 /* Build configuration list for PBXProject "Threes Game" */ = {
			isa = XCConfigurationList;
			buildConfigurations = (
				47B2224D24355F5000E0C2D4 /* Debug */,
				47B2224E24355F5000E0C2D4 /* Release */,
			);
			defaultConfigurationIsVisible = 0;
			defaultConfigurationName = Release;
		};
		47B2224F24355F5000E0C2D4 /* Build configuration list for PBXNativeTarget "Threes Game" */ = {
			isa = XCConfigurationList;
			buildConfigurations = (
				47B2225024355F5000E0C2D4 /* Debug */,
				47B2225124355F5000E0C2D4 /* Release */,
			);
			defaultConfigurationIsVisible = 0;
			defaultConfigurationName = Release;
		};
/* End XCConfigurationList section */
	};
	rootObject = 47B2223324355F4900E0C2D4 /* Project object */;
}
